# This file is autogenerated, do not edit; changes may be undone by the next 'dep ensure'.


[[projects]]
  digest = "1:602649ff074ccee9273e1d3b25c4069f13a70fa0c232957c7d68a6f02fb7a9ea"
  name = "github.com/Azure/azure-pipeline-go"
  packages = ["pipeline"]
  pruneopts = "UT"
  revision = "232aee85e8e3a6223a11c0943f7df2ae0fac00e4"
  version = "v0.2.2"

[[projects]]
  digest = "1:9d3a690fcd29a7efbc783d7a8c9c173c2c67d33c0d2b6ac4be10c78d4ae46df2"
  name = "github.com/Azure/azure-storage-blob-go"
  packages = ["azblob"]
  pruneopts = "UT"
  revision = "3efca72bd11c050222deab57e25ea90df03b9692"
  version = "v0.7.0"

[[projects]]
  digest = "1:9f3b30d9f8e0d7040f729b82dcbc8f0dead820a133b3147ce355fc451f32d761"
  name = "github.com/BurntSushi/toml"
  packages = ["."]
  pruneopts = "UT"
  revision = "3012a1dbe2e4bd1391d42b32f0577cb7bbc7f005"
  version = "v0.3.1"

[[projects]]
  digest = "1:f96ba6ecca7ba87b1dddd70ae38cfc4ce5ea844f58d1f728e121d2e29cdfb8a2"
  name = "github.com/allegro/bigcache"
  packages = [
    ".",
    "queue",
  ]
  pruneopts = "UT"
  revision = "84a0ff3f153cbd7e280a19029a864bb04b504e62"
  version = "v1.2.0"

[[projects]]
  digest = "1:fd4244306f7328ad9dfde4888d754781124dc19650146c1ddaf62a11fb320ad6"
  name = "github.com/apilayer/freegeoip"
  packages = ["."]
  pruneopts = "UT"
  revision = "6e2170311297defe968db7e206c4767d592bf7b7"
  version = "v3.5.0"

[[projects]]
  branch = "master"
  digest = "1:7d191fd0c54ff370eaf6116a14dafe2a328df487baea280699f597aae858d00d"
  name = "github.com/aristanetworks/goarista"
  packages = ["monotime"]
  pruneopts = "UT"
  revision = "33151c4543a79b013e8e6799ef45b2ba88c3cd1c"

[[projects]]
  branch = "master"
  digest = "1:c0decf632843204d2b8781de7b26e7038584e2dcccc7e2f401e88ae85b1df2b7"
  name = "github.com/btcsuite/btcd"
  packages = ["btcec"]
  pruneopts = "UT"
  revision = "2a560b2036bee5e3679ec2133eb6520b2f195213"

[[projects]]
  digest = "1:306ac49ece706ae4e81490b901805d19161b448da7b5e2362f0507e7a7182e1a"
  name = "github.com/cespare/cp"
  packages = ["."]
  pruneopts = "UT"
  revision = "118c73cfdf4dfc44f5cd1efa4ee578ebea52767f"
  version = "v1.0.0"

[[projects]]
  digest = "1:ccd27c8487469a07d84343b64d8400472d8fb7504c6b72254bdc0c08cb326c3e"
  name = "github.com/cloudflare/cloudflare-go"
  packages = ["."]
  pruneopts = "UT"
  revision = "15c4e87dbf40493a3dae93eaeffbf7028b63896c"
  version = "v0.13.0"

[[projects]]
  digest = "1:ffe9824d294da03b391f44e1ae8281281b4afc1bdaa9588c9097785e3af10cec"
  name = "github.com/davecgh/go-spew"
  packages = ["spew"]
  pruneopts = "UT"
  revision = "8991bc29aa16c548c550c7ff78260e27b9ab7c73"
  version = "v1.1.1"

[[projects]]
  digest = "1:e47d51dab652d26c3fba6f8cba403f922d02757a82abdc77e90df7948daf296e"
  name = "github.com/deckarep/golang-set"
  packages = ["."]
  pruneopts = "UT"
  revision = "cbaa98ba5575e67703b32b4b19f73c91f3c4159e"
  version = "v1.7.1"

[[projects]]
  digest = "1:1401f85b97c5cb4807f3f84a616d9be14d6915780b9821c41a40347e9562dda5"
  name = "github.com/docker/docker"
  packages = ["pkg/reexec"]
  pruneopts = "UT"
  revision = "092cba3727bb9b4a2f0e922cd6c0f93ea270e363"
  version = "v1.13.1"

[[projects]]
  branch = "master"
  digest = "1:67d0b50be0549e610017cb91e0b0b745ec0cad7c613bc8e18ff2d1c1fc8825a7"
  name = "github.com/edsrzf/mmap-go"
  packages = ["."]
  pruneopts = "UT"
  revision = "0bce6a6887123b67a60366d2c9fe2dfb74289d2e"

[[projects]]
  digest = "1:2b2daa41f40acd66f4aa0ae213bfd286096663c999a26deb773127b7864c6bd0"
  name = "github.com/elastic/gosigar"
  packages = [
    ".",
    "sys/windows",
  ]
  pruneopts = "UT"
  revision = ""
  version = "v0.10.5"

[[projects]]
  digest = "1:d6b58b6d57ea5d24f38442efb9daf39ef3624f6ff38642e054f569a389b16141"
  name = "github.com/ethereum/go-ethereum"
  packages = [
    ".",
    "accounts",
    "accounts/abi",
    "accounts/abi/bind",
    "accounts/external",
    "accounts/keystore",
    "accounts/scwallet",
    "accounts/usbwallet",
    "accounts/usbwallet/trezor",
    "common",
    "common/bitutil",
    "common/compiler",
    "common/fdlimit",
    "common/hexutil",
    "common/math",
    "common/mclock",
    "common/prque",
    "consensus",
    "consensus/clique",
    "consensus/ethash",
    "consensus/misc",
    "console",
    "core",
    "core/bloombits",
    "core/rawdb",
    "core/state",
    "core/types",
    "core/vm",
    "crypto",
    "crypto/blake2b",
    "crypto/bn256",
    "crypto/bn256/cloudflare",
    "crypto/bn256/google",
    "crypto/ecies",
    "crypto/secp256k1",
    "crypto/secp256k1/libsecp256k1",
    "crypto/secp256k1/libsecp256k1/include",
    "crypto/secp256k1/libsecp256k1/src",
    "crypto/secp256k1/libsecp256k1/src/modules",
    "crypto/secp256k1/libsecp256k1/src/modules/recovery",
    "eth/downloader",
    "ethdb",
    "ethdb/leveldb",
    "ethdb/memorydb",
    "event",
    "internal/ethapi",
    "internal/jsre",
    "internal/jsre/deps",
    "internal/web3ext",
    "log",
    "metrics",
    "metrics/exp",
    "metrics/influxdb",
    "metrics/prometheus",
    "p2p",
    "p2p/discover",
    "p2p/discv5",
    "p2p/enode",
    "p2p/enr",
    "p2p/nat",
    "p2p/netutil",
    "params",
    "rlp",
    "rpc",
    "signer/core",
    "signer/storage",
    "trie",
  ]
  pruneopts = "UT"
  revision = ""
  version = "v1.9.7"

[[projects]]
  digest = "1:865079840386857c809b72ce300be7580cb50d3d3129ce11bf9aa6ca2bc1934a"
  name = "github.com/fatih/color"
  packages = ["."]
  pruneopts = "UT"
  revision = "5b77d2a35fb0ede96d138fc9a99f5c9b6aef11b4"
  version = "v1.7.0"

[[projects]]
  branch = "master"
  digest = "1:6071114d7c08ebdd6bc697113cfb1634c8c29d506457ef90e7fb703841cb2828"
  name = "github.com/fjl/memsize"
  packages = [
    ".",
    "memsizeui",
  ]
  pruneopts = "UT"
  revision = "2a09253e352a56f419bd88effab0483f52da4c7d"

[[projects]]
  branch = "master"
  digest = "1:a7e69236b403d78ca6a00e15a4030e34f99ffdb8be8dc71611361bf8f3d0e8a4"
  name = "github.com/gballet/go-libpcsclite"
  packages = ["."]
  pruneopts = "UT"
  revision = "2772fd86a8ff4306d2749f610a386bfee9e0d727"

[[projects]]
  digest = "1:586ea76dbd0374d6fb649a91d70d652b7fe0ccffb8910a77468e7702e7901f3d"
  name = "github.com/go-stack/stack"
  packages = ["."]
  pruneopts = "UT"
  revision = "2fee6af1a9795aafbe0253a0cfbdf668e1fb8a9a"
  version = "v1.8.0"

[[projects]]
  digest = "1:be408f349cae090a7c17a279633d6e62b00068e64af66a582cae0983de8890ea"
  name = "github.com/golang/mock"
  packages = ["gomock"]
  pruneopts = "UT"
  revision = "9fa652df1129bef0e734c9cf9bf6dbae9ef3b9fa"
  version = "1.3.1"

[[projects]]
  digest = "1:f2bc519aefa5511928d70d067ae2828cfa60fd3947cc8d166f070a0ce705f782"
  name = "github.com/golang/protobuf"
  packages = [
    "proto",
    "protoc-gen-go/descriptor",
    "ptypes",
    "ptypes/any",
    "ptypes/duration",
    "ptypes/empty",
    "ptypes/timestamp",
  ]
  pruneopts = "UT"
  revision = ""
  version = "v1.3.1"

[[projects]]
  branch = "master"
  digest = "1:4a0c6bb4805508a6287675fac876be2ac1182539ca8a32468d8128882e9d5009"
  name = "github.com/golang/snappy"
  packages = ["."]
  pruneopts = "UT"
  revision = "2e65f85255dbc3072edf28d6b5b8efc472979f5a"

[[projects]]
  digest = "1:3a26588bc48b96825977c1b3df964f8fd842cd6860cc26370588d3563433cf11"
  name = "github.com/google/uuid"
  packages = ["."]
  pruneopts = "UT"
  revision = "d460ce9f8df2e77fb1ba55ca87fafed96c607494"
  version = "v1.0.0"

[[projects]]
  digest = "1:7b5c6e2eeaa9ae5907c391a91c132abfd5c9e8a784a341b5625e750c67e6825d"
  name = "github.com/gorilla/websocket"
  packages = ["."]
  pruneopts = "UT"
  revision = "66b9c49e59c6c48f0ffce28c2d8b8a5678502c6d"
  version = "v1.4.0"

[[projects]]
  branch = "master"
  digest = "1:e5a14c082d8650bb1f876cf29d5ea06a17faded098d5cdfe6c498808ffccb068"
  name = "github.com/graph-gophers/graphql-go"
  packages = [
    ".",
    "errors",
    "internal/common",
    "internal/exec",
    "internal/exec/packer",
    "internal/exec/resolvable",
    "internal/exec/selected",
    "internal/query",
    "internal/schema",
    "internal/validation",
    "introspection",
    "log",
    "relay",
    "trace",
  ]
  pruneopts = "UT"
  revision = "8f92f34fc59823d34fc08bfdc9fd266b854e2b50"

[[projects]]
  digest = "1:c00bae911fa65705f0f2e70abaecc0cdc93029e54af3d741b91282e4117a67c9"
  name = "github.com/hashicorp/go-hclog"
  packages = ["."]
  pruneopts = "UT"
  revision = "4a9e55fb9e7db75382c419e20dd1eb26821ec85e"
  version = "v0.14.1"

[[projects]]
  digest = "1:d136620a688946a445a1b2e519118c7ecfc6147992bd1f34e5d3443da07aacd1"
  name = "github.com/hashicorp/go-plugin"
  packages = [
    ".",
    "internal/plugin",
  ]
  pruneopts = "UT"
  revision = "4eb6499078a886723bee3e4ab1acd4c66a38df70"
  version = "v1.3.0"

[[projects]]
  digest = "1:8ec8d88c248041a6df5f6574b87bc00e7e0b493881dad2e7ef47b11dc69093b5"
  name = "github.com/hashicorp/golang-lru"
  packages = [
    ".",
    "simplelru",
  ]
  pruneopts = "UT"
  revision = "20f1fb78b0740ba8c3cb143a61e86ba5c8669768"
  version = "v0.5.0"

[[projects]]
  branch = "master"
  digest = "1:a88cd58a7207a0c343ac90c929e8835009ea840704af89b86b6302b91d91e96d"
  name = "github.com/hashicorp/yamux"
  packages = ["."]
  pruneopts = "UT"
  revision = "aecfd211c9ce5303cd19780c8fc96a01b42fa298"

[[projects]]
  digest = "1:7159b4af2aae0c37b088cea9cb5932b8801a289616c5b789e4669558521cff0c"
  name = "github.com/howeyc/fsnotify"
  packages = ["."]
  pruneopts = "UT"
  revision = "441bbc86b167f3c1f4786afae9931403b99fdacf"
  version = "v0.9.0"

[[projects]]
  branch = "master"
  digest = "1:3f5e7a4329f76e2617bf094eb5eec2ec2eff590d145c0beb32bac699628dea7d"
  name = "github.com/huin/goupnp"
  packages = [
    ".",
    "dcps/internetgateway1",
    "dcps/internetgateway2",
    "httpu",
    "scpd",
    "soap",
    "ssdp",
  ]
  pruneopts = "UT"
  revision = "1395d1447324cbea88d249fbfcfd70ea878fdfca"

[[projects]]
  digest = "1:39a822d90fa24d0cc92e1c9b64d32054a4e408f0b664c97d0c21acad8ea07299"
  name = "github.com/influxdata/influxdb"
  packages = [
    "client",
    "models",
    "pkg/escape",
  ]
  pruneopts = "UT"
  revision = "cb03c542a4054f0f4d3dc13919d31c456bdb5c39"
  version = "v1.7.1"

[[projects]]
  branch = "master"
  digest = "1:2c584d8971881e9f9a7dd2e0a712e83cb5ded51c5173eef1615ce3f047dbded3"
  name = "github.com/influxdata/platform"
  packages = [
    "models",
    "pkg/escape",
  ]
  pruneopts = "UT"
  revision = "5b575143e67d4e3188f9828d1627ed2830343e9e"

[[projects]]
  digest = "1:32b82e71cf24f8b78323e0d7903c4b90278486283965aa2a19b1ea13763b8f34"
  name = "github.com/jackpal/go-nat-pmp"
  packages = ["."]
  pruneopts = "UT"
  revision = "c9cfead9f2a36ddf3daa40ba269aa7f4bbba6b62"
  version = "v1.0.1"

[[projects]]
  branch = "master"
  digest = "1:64c6a499a357af6ac4686048e9a11b3fb4f39a4b5488f2513e4b0dc0dd1baeb0"
  name = "github.com/jpmorganchase/quorum-hello-world-plugin-sdk-go"
  packages = [
    "mock_proto",
    "proto",
  ]
  pruneopts = "UT"
  revision = "57f99f69eeb30b32aa867ef956a1133ab6852f86"

[[projects]]
  digest = "1:f97285a3b0a496dcf8801072622230d513f69175665d94de60eb042d03387f6c"
  name = "github.com/julienschmidt/httprouter"
  packages = ["."]
  pruneopts = "UT"
  revision = "348b672cd90d8190f8240323e372ecd1e66b59dc"
  version = "v1.2.0"

[[projects]]
  branch = "master"
  digest = "1:3b6769ecedba73d619a11c7c0ba8a77d8c41ec55c887e38f040eed15daf2e51c"
  name = "github.com/karalabe/usb"
  packages = [
    ".",
    "hidapi/hidapi",
    "hidapi/libusb",
    "hidapi/mac",
    "hidapi/windows",
    "libusb/libusb",
    "libusb/libusb/os",
  ]
  pruneopts = "UT"
  revision = "911d15fe12a9c411cf5d0dd5635231c759399bed"

[[projects]]
  digest = "1:ca955a9cd5b50b0f43d2cc3aeb35c951473eeca41b34eb67507f1dbcc0542394"
  name = "github.com/kr/pretty"
  packages = ["."]
  pruneopts = "UT"
  revision = "73f6ac0b30a98e433b289500d779f50c1a6f0712"
  version = "v0.1.0"

[[projects]]
  digest = "1:15b5cc79aad436d47019f814fde81a10221c740dc8ddf769221a65097fb6c2e9"
  name = "github.com/kr/text"
  packages = ["."]
  pruneopts = "UT"
  revision = "e2ffdb16a802fe2bb95e2e35ff34f0e53aeef34f"
  version = "v0.1.0"

[[projects]]
  digest = "1:c658e84ad3916da105a761660dcaeb01e63416c8ec7bc62256a9b411a05fcd67"
  name = "github.com/mattn/go-colorable"
  packages = ["."]
  pruneopts = "UT"
  revision = "167de6bfdfba052fa6b2d3664c8f5272e23c9072"
  version = "v0.0.9"

[[projects]]
  branch = "master"
  digest = "1:2f668f56e7946a15f65b4696136704569a17cb6a046e89ab0e098f1f7d9945df"
  name = "github.com/mattn/go-ieproxy"
  packages = ["."]
  pruneopts = "UT"
  revision = "f9202b1cfdeb0c82ddd3dc1e8e9cd94b3c0c1b13"

[[projects]]
  digest = "1:0981502f9816113c9c8c4ac301583841855c8cf4da8c72f696b3ebedf6d0e4e5"
  name = "github.com/mattn/go-isatty"
  packages = ["."]
  pruneopts = "UT"
  revision = "6ca4dbf54d38eea1a992b3c722a76a5d1c4cb25c"
  version = "v0.0.4"

[[projects]]
  digest = "1:cdb899c199f907ac9fb50495ec71212c95cb5b0e0a8ee0800da0238036091033"
  name = "github.com/mattn/go-runewidth"
  packages = ["."]
  pruneopts = "UT"
  revision = "ce7b0b5c7b45a81508558cd1dba6bb1e4ddb51bb"
  version = "v0.0.3"

[[projects]]
  digest = "1:6b05e5774cb925702ef2a698dfe26fbec8df2ecc3c12cc6c693d2c2e1a0f10d7"
  name = "github.com/mitchellh/go-testing-interface"
  packages = ["."]
  pruneopts = "UT"
  revision = "93f0c65740d3e21a23304be03030037f06e933ea"
  version = "v1.14.1"

[[projects]]
  branch = "master"
  digest = "1:84bd7f8a2e0bcd53ddc33c3b47c34c1fe340c8632cbe928f7f8ae10ec6ecdd62"
  name = "github.com/mohae/deepcopy"
  packages = ["."]
  pruneopts = "UT"
  revision = "c48cc78d482608239f6c4c92a4abd87eb8761c90"

[[projects]]
  digest = "1:b56c589214f01a5601e0821387db484617392d0042f26234bf2da853a2f498a1"
  name = "github.com/naoina/go-stringutil"
  packages = ["."]
  pruneopts = "UT"
  revision = "6b638e95a32d0c1131db0e7fe83775cbea4a0d0b"
  version = "v0.1.0"

[[projects]]
  digest = "1:f58c3d0e46b64878d00652fedba24ee879725191ab919dca7b62586859281c04"
  name = "github.com/naoina/toml"
  packages = [
    ".",
    "ast",
  ]
  pruneopts = "UT"
  revision = "e6f5723bf2a66af014955e0888881314cf294129"
  version = "v0.1.1"

[[projects]]
  digest = "1:109a4e5eccbcaea2e63f89e2eccecbd7f427a893a8712defce705e14c1d51d3c"
  name = "github.com/oklog/run"
  packages = ["."]
  pruneopts = "UT"
  revision = "9c53bcd6fefd554246da88d55efcc283aff63659"
  version = "v1.1.0"

[[projects]]
  branch = "master"
  digest = "1:f611266e3ac01ab4adb6f1d67f6c1be82998d02f452faff450596658712d860b"
  name = "github.com/olekukonko/tablewriter"
  packages = ["."]
  pruneopts = "UT"
  revision = "be2c049b30ccd4d3fd795d6bf7dce74e42eeedaa"

[[projects]]
  digest = "1:450b7623b185031f3a456801155c8320209f75d0d4c4e633c6b1e59d44d6e392"
  name = "github.com/opentracing/opentracing-go"
  packages = [
    ".",
    "ext",
    "log",
  ]
  pruneopts = "UT"
  revision = "1949ddbfd147afd4d964a9f00b24eb291e0e7c38"
  version = "v1.0.2"

[[projects]]
  branch = "master"
  digest = "1:dbc047dfc2a82a190b123b5023c579bb186d1ff842ee5657d6341c6362d9afea"
  name = "github.com/orinocopay/go-etherutils"
  packages = ["."]
  pruneopts = "UT"
  revision = "139c2bcc12642b31177520310eab65eb9dca555c"

[[projects]]
  digest = "1:face2cf57b3cfe6f892b047d73431cf1150fc9dd8a5d45fa644d5f03c6b5bbb2"
  name = "github.com/oschwald/maxminddb-golang"
  packages = ["."]
  pruneopts = "UT"
  revision = "2e4624cc0c4105b1df1d0643ac3aadb53824dc7d"
  version = "v1.7.0"

[[projects]]
  digest = "1:808cdddf087fb64baeae67b8dfaee2069034d9704923a3cb8bd96a995421a625"
  name = "github.com/patrickmn/go-cache"
  packages = ["."]
  pruneopts = "UT"
  revision = "a3647f8e31d79543b2d0f0ae2fe5c379d72cedc0"
  version = "v2.1.0"

[[projects]]
  digest = "1:e5d0bd87abc2781d14e274807a470acd180f0499f8bf5bb18606e9ec22ad9de9"
  name = "github.com/pborman/uuid"
  packages = ["."]
  pruneopts = "UT"
  revision = "adf5a7427709b9deb95d29d3fa8a2bf9cfd388f1"
  version = "v1.2"

[[projects]]
  digest = "1:3adb9a64324d242301833d0b8b3bb51b4f31f928d5a05224256121dc5b8895c7"
  name = "github.com/peterh/liner"
  packages = ["."]
  pruneopts = "UT"
  revision = "5a0dfa99e2aa1d433a9642e863da51402e609376"
  version = "v1.1.0"

[[projects]]
  digest = "1:40e195917a951a8bf867cd05de2a46aaf1806c50cf92eebf4c16f78cd196f747"
  name = "github.com/pkg/errors"
  packages = ["."]
  pruneopts = "UT"
  revision = "645ef00459ed84a119197bfb8d8205042c6df63d"
  version = "v0.8.0"

[[projects]]
  digest = "1:0028cb19b2e4c3112225cd871870f2d9cf49b9b4276531f03438a88e94be86fe"
  name = "github.com/pmezard/go-difflib"
  packages = ["difflib"]
  pruneopts = "UT"
  revision = "792786c7400a136282c1664665ae0a8db921c6c2"
  version = "v1.0.0"

[[projects]]
  digest = "1:19a227084137c73d7a519ff90acc9fa69855c2ba134bb9c7dfe94e9ad2949c64"
  name = "github.com/prometheus/tsdb"
  packages = ["fileutil"]
  pruneopts = "UT"
  revision = "d230c67aa180850b80ae49e07079f55df1da0502"
  version = "v0.9.1"

[[projects]]
  digest = "1:31d83d1b1c288073c91abadee3caec87de2a1fb5dbe589039264a802e67a26b8"
  name = "github.com/rjeczalik/notify"
  packages = ["."]
  pruneopts = "UT"
  revision = "69d839f37b13a8cb7a78366f7633a4071cb43be7"
  version = "v0.9.2"

[[projects]]
  branch = "master"
  digest = "1:dbfe572cc258e5bcf54cb650a06d90edd0da04e42ca1ed909cc1d49f00011c63"
  name = "github.com/robertkrimen/otto"
  packages = [
    ".",
    "ast",
    "dbg",
    "file",
    "parser",
    "registry",
    "token",
  ]
  pruneopts = "UT"
  revision = "15f95af6e78dcd2030d8195a138bd88d4f403546"

[[projects]]
  digest = "1:0b8dd7447e420afff0260179dc892711e837edd1d446bc78dab924624a3c3c81"
  name = "github.com/rs/cors"
  packages = ["."]
  pruneopts = "UT"
  revision = "3fb1b69b103a84de38a19c3c6ec073dd6caa4d3f"
  version = "v1.5.0"

[[projects]]
  branch = "develop"
  digest = "1:6deccaba5762377091f2e5b26dba70e630e01edb3f95d1a6a59d9b098bd4358f"
  name = "github.com/status-im/keycard-go"
  packages = ["derivationpath"]
  pruneopts = "UT"
  revision = "d95853db0f480b9d6379009500acf44b21dc0be6"

[[projects]]
  digest = "1:266e2f508feb9a9a765bfeb74d116a88514248b2f8428788dcce574bd026b9c0"
  name = "github.com/steakknife/bloomfilter"
  packages = ["."]
  pruneopts = "UT"
  revision = "99ee86d9200fcc2ffde62f508329bd6627c0a307"
  version = "1.0.4"

[[projects]]
  digest = "1:5ca4bdccd72e66aaba5b52f9c4a21f1021102f0919432fe138ad5d48abf06833"
  name = "github.com/steakknife/hamming"
  packages = ["."]
  pruneopts = "UT"
  revision = "003c143a81c25ea5e263d692919c611c7122ae6b"
  version = "0.2.5"

[[projects]]
  digest = "1:c40d65817cdd41fac9aa7af8bed56927bb2d6d47e4fea566a74880f5c2b1c41e"
  name = "github.com/stretchr/testify"
  packages = [
    "assert",
    "require",
  ]
  pruneopts = "UT"
  revision = "f35b8ab0b5a2cef36673838d662e249dd9c94686"
  version = "v1.2.2"

[[projects]]
  branch = "master"
  digest = "1:88803f2b5bb57a26a190f1c95b4acc6c178eaf3a1e0cb327a693bc6dc6ec939c"
  name = "github.com/syndtr/goleveldb"
  packages = [
    "leveldb",
    "leveldb/cache",
    "leveldb/comparer",
    "leveldb/errors",
    "leveldb/filter",
    "leveldb/iterator",
    "leveldb/journal",
    "leveldb/memdb",
    "leveldb/opt",
    "leveldb/storage",
    "leveldb/table",
    "leveldb/util",
  ]
  pruneopts = "UT"
  revision = "166222840a9a83a65c1e314fda00121fb6719c99"

[[projects]]
  branch = "master"
  digest = "1:d93d73663050e299a9c4d3c7bc542fd9e59941e999ef04b5d5b4713de44ecc07"
  name = "github.com/tv42/httpunix"
  packages = ["."]
  pruneopts = "UT"
  revision = "b75d8614f926c077e48d85f1f8f7885b758c6225"

[[projects]]
  digest = "1:73e0d2644cf33beeafbfb79804143ac9738bed3c28a12fd5e61bd3b13ac95407"
  name = "github.com/tyler-smith/go-bip39"
  packages = [
    ".",
    "wordlists",
  ]
  pruneopts = "UT"
  revision = "2af0a847066a4f2669040ccd44a79c8eca10806a"
  version = "v1.0.0"

[[projects]]
  branch = "master"
  digest = "1:7dca0da64f5937af74f21618cdb812c8f16a7d042316dd5bf2f1dfd086be3fc6"
  name = "github.com/wsddn/go-ecdh"
  packages = ["."]
  pruneopts = "UT"
  revision = "48726bab92085232373de4ec5c51ce7b441c63a0"

[[projects]]
  branch = "master"
  digest = "1:00510be0e55c92b0e24a808f480559b7dba5c12d352832e0b78f46c369fcee76"
  name = "github.com/zfjagann/golang-ring"
  packages = ["."]
  pruneopts = "UT"
  revision = "d34796e0a6c20df67b614d69184ee4c8093a6856"

[[projects]]
  branch = "master"
  digest = "1:e29619c18c30446b292f362abcce0c8776c4656bcd7765be2d6fc9c48611cfc9"
  name = "golang.org/x/crypto"
  packages = [
    "cast5",
    "curve25519",
    "ed25519",
    "ed25519/internal/edwards25519",
    "internal/chacha20",
    "internal/subtle",
    "openpgp",
    "openpgp/armor",
    "openpgp/elgamal",
    "openpgp/errors",
    "openpgp/packet",
    "openpgp/s2k",
    "pbkdf2",
    "poly1305",
    "ripemd160",
    "scrypt",
    "sha3",
    "ssh",
    "ssh/terminal",
  ]
  pruneopts = "UT"
  revision = "ff983b9c42bc9fbf91556e191cc8efb585c16908"

[[projects]]
  branch = "master"
  digest = "1:fe2b5673f659c38872de171895d851f1667789bda1e573610fac41d429c8cdb9"
  name = "golang.org/x/net"
  packages = [
    "context",
    "html",
    "html/atom",
    "html/charset",
    "http/httpguts",
    "http/httpproxy",
    "http2",
    "http2/hpack",
    "idna",
    "internal/timeseries",
    "trace",
    "websocket",
  ]
  pruneopts = "UT"
  revision = "146acd28ed5894421fb5aac80ca93bc1b1f46f87"

[[projects]]
  branch = "master"
  digest = "1:39485a034b89a9f2892b9c0cc24e2330e1c9981794c35281c2febfcc55b90a34"
  name = "golang.org/x/sync"
  packages = [
    "errgroup",
    "syncmap",
  ]
  pruneopts = "UT"
  revision = "1d60e4601c6fd243af51cc01ddf169918a5407ca"

[[projects]]
  branch = "master"
  digest = "1:6d235838c1fa8488e98a8f00e44c15312157f94fae878d7920b360ce64471ae7"
  name = "golang.org/x/sys"
  packages = [
    "cpu",
    "unix",
    "windows",
    "windows/registry",
  ]
  pruneopts = "UT"
  revision = "4497e2df6f9e69048a54498c7affbbec3294ad47"

[[projects]]
  digest = "1:436b24586f8fee329e0dd65fd67c817681420cda1d7f934345c13fe78c212a73"
  name = "golang.org/x/text"
  packages = [
    "collate",
    "collate/build",
    "encoding",
    "encoding/charmap",
    "encoding/htmlindex",
    "encoding/internal",
    "encoding/internal/identifier",
    "encoding/japanese",
    "encoding/korean",
    "encoding/simplifiedchinese",
    "encoding/traditionalchinese",
    "encoding/unicode",
    "internal/colltab",
    "internal/gen",
    "internal/tag",
    "internal/triegen",
    "internal/ucd",
    "internal/utf8internal",
    "language",
    "runes",
    "secure/bidirule",
    "transform",
    "unicode/bidi",
    "unicode/cldr",
    "unicode/norm",
    "unicode/rangetable",
  ]
  pruneopts = "UT"
  revision = "f21a4dfb5e38f5895301dc265a8def02365cc3d0"
  version = "v0.3.0"

[[projects]]
  branch = "master"
  digest = "1:9a12483c63e8328a477280cd6855689af0f584eb580b66c0d113a1f5fe7791b0"
  name = "golang.org/x/time"
  packages = ["rate"]
  pruneopts = "UT"
  revision = "3af7569d3a1e776fc2a3c1cec133b43105ea9c2e"

[[projects]]
  branch = "master"
  digest = "1:38a535c0a08f69883a9b411d8a3407ec2a0edf0e7dfb12e5f7000f41197d8441"
  name = "google.golang.org/genproto"
  packages = ["googleapis/rpc/status"]
  pruneopts = "UT"
  revision = "43cab4749ae7254af90e92cb2cd767dfc641f6dd"

[[projects]]
  digest = "1:8e5f235e541a6768caac8bb550fa99a402cee94ab5f8a0880f8b53568e1dfa65"
  name = "google.golang.org/grpc"
  packages = [
    ".",
    "attributes",
    "backoff",
    "balancer",
    "balancer/base",
    "balancer/grpclb/state",
    "balancer/roundrobin",
    "binarylog/grpc_binarylog_v1",
    "codes",
    "connectivity",
    "credentials",
    "credentials/internal",
    "encoding",
    "encoding/proto",
    "grpclog",
    "health",
    "health/grpc_health_v1",
    "internal",
    "internal/backoff",
    "internal/balancerload",
    "internal/binarylog",
    "internal/buffer",
    "internal/channelz",
    "internal/envconfig",
    "internal/grpclog",
    "internal/grpcrand",
    "internal/grpcsync",
    "internal/grpcutil",
    "internal/resolver/dns",
    "internal/resolver/passthrough",
    "internal/serviceconfig",
    "internal/status",
    "internal/syscall",
    "internal/transport",
    "keepalive",
    "metadata",
    "peer",
    "reflection",
    "reflection/grpc_reflection_v1alpha",
    "resolver",
    "serviceconfig",
    "stats",
    "status",
    "tap",
  ]
  pruneopts = "UT"
  revision = "1f47ba4663831f2a9c28a62a7de3ff8bc45078f0"
  version = "v1.30.0"

[[projects]]
  digest = "1:cccb3a18e62abaccd19c309fc01a69da2509719f5a453cb2e66969f670503245"
  name = "google.golang.org/protobuf"
  packages = [
    "encoding/prototext",
    "encoding/protowire",
    "internal/descfmt",
    "internal/descopts",
    "internal/detrand",
    "internal/encoding/defval",
    "internal/encoding/messageset",
    "internal/encoding/tag",
    "internal/encoding/text",
    "internal/errors",
    "internal/fieldsort",
    "internal/filedesc",
    "internal/filetype",
    "internal/flags",
    "internal/genid",
    "internal/impl",
    "internal/mapsort",
    "internal/pragma",
    "internal/set",
    "internal/strs",
    "internal/version",
    "proto",
    "reflect/protoreflect",
    "reflect/protoregistry",
    "runtime/protoiface",
    "runtime/protoimpl",
  ]
  pruneopts = "UT"
  revision = "3f7a61f89bb6813f89d981d1870ed68da0b3c3f1"
  version = "v1.25.0"

[[projects]]
  branch = "v1"
  digest = "1:af715ae33cc1f5695c4b2a4e4b21d008add8802a99e15bb467ac7c32edb5000d"
  name = "gopkg.in/check.v1"
  packages = ["."]
  pruneopts = "UT"
  revision = "788fd78401277ebd861206a03c884797c6ec5541"

[[projects]]
  branch = "v2"
  digest = "1:0a2f4b974a413866afa1b41130d756643841fb9ad661b81c9a6dd9f1364ed19f"
  name = "gopkg.in/karalabe/cookiejar.v2"
  packages = ["collections/prque"]
  pruneopts = "UT"
  revision = "8dcd6a7f4951f6ff3ee9cbb919a06d8925822e57"

[[projects]]
  branch = "v2"
  digest = "1:3d3f9391ab615be8655ae0d686a1564f3fec413979bb1aaf018bac1ec1bb1cc7"
  name = "gopkg.in/natefinch/npipe.v2"
  packages = ["."]
  pruneopts = "UT"
  revision = "c1b8fa8bdccecb0b8db834ee0b92fdbcfa606dd6"

[[projects]]
  branch = "v3"
  digest = "1:9a616c5b6667d3de5380dfc2adefb956e9f3b3448fb2196fc81664e2240bce74"
  name = "gopkg.in/olebedev/go-duktape.v3"
  packages = ["."]
  pruneopts = "UT"
  revision = "1e4459ed25ff207bef4c6693fa17a4d11575f6a7"

[[projects]]
  digest = "1:9935525a8c49b8434a0b0a54e1980e94a6fae73aaff45c5d33ba8dff69de123e"
  name = "gopkg.in/sourcemap.v1"
  packages = [
    ".",
    "base64vlq",
  ]
  pruneopts = "UT"
  revision = "6e83acea0053641eff084973fee085f0c193c61a"
  version = "v1.0.5"

[[projects]]
  digest = "1:b24d38b282bacf9791408a080f606370efa3d364e4b5fd9ba0f7b87786d3b679"
  name = "gopkg.in/urfave/cli.v1"
  packages = ["."]
  pruneopts = "UT"
  revision = "cfb38830724cc34fedffe9a2a29fb54fa9169cd1"
  version = "v1.20.0"

[solve-meta]
  analyzer-name = "dep"
  analyzer-version = 1
  input-imports = [
    "github.com/Azure/azure-storage-blob-go/azblob",
    "github.com/BurntSushi/toml",
    "github.com/allegro/bigcache",
    "github.com/apilayer/freegeoip",
    "github.com/cespare/cp",
    "github.com/cloudflare/cloudflare-go",
    "github.com/davecgh/go-spew/spew",
    "github.com/deckarep/golang-set",
    "github.com/docker/docker/pkg/reexec",
    "github.com/edsrzf/mmap-go",
    "github.com/elastic/gosigar",
    "github.com/ethereum/go-ethereum/accounts/usbwallet/trezor",
    "github.com/ethereum/go-ethereum/common",
    "github.com/ethereum/go-ethereum/common/bitutil",
    "github.com/ethereum/go-ethereum/common/compiler",
    "github.com/ethereum/go-ethereum/common/fdlimit",
    "github.com/ethereum/go-ethereum/common/hexutil",
    "github.com/ethereum/go-ethereum/common/math",
    "github.com/ethereum/go-ethereum/common/mclock",
    "github.com/ethereum/go-ethereum/common/prque",
    "github.com/ethereum/go-ethereum/console",
    "github.com/ethereum/go-ethereum/crypto",
    "github.com/ethereum/go-ethereum/crypto/bn256",
    "github.com/ethereum/go-ethereum/crypto/ecies",
    "github.com/ethereum/go-ethereum/crypto/secp256k1",
    "github.com/ethereum/go-ethereum/event",
    "github.com/ethereum/go-ethereum/log",
    "github.com/ethereum/go-ethereum/metrics",
    "github.com/ethereum/go-ethereum/metrics/exp",
    "github.com/ethereum/go-ethereum/metrics/influxdb",
    "github.com/ethereum/go-ethereum/p2p/enode",
    "github.com/ethereum/go-ethereum/rlp",
    "github.com/ethereum/go-ethereum/rpc",
    "github.com/fatih/color",
    "github.com/fjl/memsize/memsizeui",
    "github.com/gballet/go-libpcsclite",
    "github.com/golang/mock/gomock",
    "github.com/golang/protobuf/proto",
    "github.com/golang/snappy",
    "github.com/gorilla/websocket",
    "github.com/graph-gophers/graphql-go",
    "github.com/graph-gophers/graphql-go/relay",
    "github.com/hashicorp/go-hclog",
    "github.com/hashicorp/go-plugin",
    "github.com/hashicorp/golang-lru",
    "github.com/hashicorp/golang-lru/simplelru",
    "github.com/huin/goupnp",
    "github.com/huin/goupnp/dcps/internetgateway1",
    "github.com/huin/goupnp/dcps/internetgateway2",
    "github.com/huin/goupnp/httpu",
    "github.com/jackpal/go-nat-pmp",
    "github.com/jpmorganchase/quorum-hello-world-plugin-sdk-go/mock_proto",
    "github.com/jpmorganchase/quorum-hello-world-plugin-sdk-go/proto",
    "github.com/julienschmidt/httprouter",
    "github.com/karalabe/usb",
    "github.com/mattn/go-colorable",
    "github.com/mattn/go-isatty",
    "github.com/mohae/deepcopy",
    "github.com/naoina/toml",
    "github.com/olekukonko/tablewriter",
    "github.com/orinocopay/go-etherutils",
    "github.com/patrickmn/go-cache",
    "github.com/pborman/uuid",
    "github.com/peterh/liner",
    "github.com/prometheus/tsdb/fileutil",
    "github.com/rjeczalik/notify",
    "github.com/robertkrimen/otto",
    "github.com/rs/cors",
    "github.com/status-im/keycard-go/derivationpath",
    "github.com/steakknife/bloomfilter",
    "github.com/stretchr/testify/assert",
    "github.com/stretchr/testify/require",
    "github.com/syndtr/goleveldb/leveldb",
    "github.com/syndtr/goleveldb/leveldb/errors",
    "github.com/syndtr/goleveldb/leveldb/filter",
    "github.com/syndtr/goleveldb/leveldb/iterator",
    "github.com/syndtr/goleveldb/leveldb/opt",
    "github.com/syndtr/goleveldb/leveldb/storage",
    "github.com/syndtr/goleveldb/leveldb/util",
    "github.com/tv42/httpunix",
    "github.com/tyler-smith/go-bip39",
    "github.com/wsddn/go-ecdh",
    "github.com/zfjagann/golang-ring",
    "golang.org/x/crypto/openpgp",
    "golang.org/x/crypto/pbkdf2",
    "golang.org/x/crypto/ripemd160",
    "golang.org/x/crypto/scrypt",
    "golang.org/x/crypto/sha3",
    "golang.org/x/crypto/ssh",
    "golang.org/x/crypto/ssh/terminal",
    "golang.org/x/net/websocket",
    "golang.org/x/sync/errgroup",
    "golang.org/x/sync/syncmap",
    "golang.org/x/text/unicode/norm",
    "google.golang.org/grpc",
    "google.golang.org/grpc/codes",
    "google.golang.org/grpc/status",
    "gopkg.in/check.v1",
    "gopkg.in/karalabe/cookiejar.v2/collections/prque",
    "gopkg.in/natefinch/npipe.v2",
    "gopkg.in/olebedev/go-duktape.v3",
    "gopkg.in/urfave/cli.v1",
  ]
  solver-name = "gps-cdcl"
  solver-version = 1
